
Microsoft Visual Studio Solution File, Format Version 12.00
# Visual Studio Version 17
VisualStudioVersion = 17.2.32526.322
MinimumVisualStudioVersion = 10.0.40219.1
Project("{FAE04EC0-301F-11D3-BF4B-00C04F79EFBC}") = "MarkelInternationAssignment", "MarkelInternationAssignment.csproj", "{1EF972FB-4BFA-49B2-BC5A-3748A997D276}"
EndProject
Project("{FAE04EC0-301F-11D3-BF4B-00C04F79EFBC}") = "InsuranceUnitTest", "..\InsuranceUnitTest\InsuranceUnitTest.csproj", "{81612627-7580-44D5-899C-CC312C19971D}"
EndProject
Global
	GlobalSection(SolutionConfigurationPlatforms) = preSolution
		Debug|Any CPU = Debug|Any CPU
		Release|Any CPU = Release|Any CPU
	EndGlobalSection
	GlobalSection(ProjectConfigurationPlatforms) = postSolution
		{1EF972FB-4BFA-49B2-BC5A-3748A997D276}.Debug|Any CPU.ActiveCfg = Debug|Any CPU
		{1EF972FB-4BFA-49B2-BC5A-3748A997D276}.Debug|Any CPU.Build.0 = Debug|Any CPU
		{1EF972FB-4BFA-49B2-BC5A-3748A997D276}.Release|Any CPU.ActiveCfg = Release|Any CPU
		{1EF972FB-4BFA-49B2-BC5A-3748A997D276}.Release|Any CPU.Build.0 = Release|Any CPU
		{81612627-7580-44D5-899C-CC312C19971D}.Debug|Any CPU.ActiveCfg = Debug|Any CPU
		{81612627-7580-44D5-899C-CC312C19971D}.Debug|Any CPU.Build.0 = Debug|Any CPU
		{81612627-7580-44D5-899C-CC312C19971D}.Release|Any CPU.ActiveCfg = Release|Any CPU
		{81612627-7580-44D5-899C-CC312C19971D}.Release|Any CPU.Build.0 = Release|Any CPU
	EndGlobalSection
	GlobalSection(SolutionProperties) = preSolution
		HideSolutionNode = FALSE
	EndGlobalSection
	GlobalSection(ExtensibilityGlobals) = postSolution
		SolutionGuid = {4831B0FD-CBEE-4074-A318-55AFF2C2051F}
	EndGlobalSection
EndGlobal
